
Microsoft Visual Studio Solution File, Format Version 12.00
# Visual Studio Version 17
VisualStudioVersion = 17.8.34309.116
MinimumVisualStudioVersion = 10.0.40219.1
Project("{FAE04EC0-301F-11D3-BF4B-00C04F79EFBC}") = "CombineExcelFiles", "CombineExcelFiles\CombineExcelFiles.csproj", "{495A6427-BBFC-404F-A011-453C93517EC7}"
EndProject
Global
	GlobalSection(SolutionConfigurationPlatforms) = preSolution
		Debug|Any CPU = Debug|Any CPU
		Release|Any CPU = Release|Any CPU
	EndGlobalSection
	GlobalSection(ProjectConfigurationPlatforms) = postSolution
		{495A6427-BBFC-404F-A011-453C93517EC7}.Debug|Any CPU.ActiveCfg = Debug|Any CPU
		{495A6427-BBFC-404F-A011-453C93517EC7}.Debug|Any CPU.Build.0 = Debug|Any CPU
		{495A6427-BBFC-404F-A011-453C93517EC7}.Release|Any CPU.ActiveCfg = Release|Any CPU
		{495A6427-BBFC-404F-A011-453C93517EC7}.Release|Any CPU.Build.0 = Release|Any CPU
	EndGlobalSection
	GlobalSection(SolutionProperties) = preSolution
		HideSolutionNode = FALSE
	EndGlobalSection
	GlobalSection(ExtensibilityGlobals) = postSolution
		SolutionGuid = {A94BBCB5-DDA4-4F22-A4C8-99A17C88FBCA}
	EndGlobalSection
EndGlobal
